
Microsoft Visual Studio Solution File, Format Version 12.00
# Visual Studio Version 17
VisualStudioVersion = 17.8.34112.27
MinimumVisualStudioVersion = 10.0.40219.1
Project("{2150E333-8FDC-42A3-9474-1A3956D46DE8}") = "src", "src", "{B39293D0-3B9C-4318-9B01-27D485AFC916}"
EndProject
Project("{FAE04EC0-301F-11D3-BF4B-00C04F79EFBC}") = "Blau", "src\Blau\Blau.csproj", "{50AAF538-9D02-45A6-8690-061A71CC977B}"
EndProject
Global
	GlobalSection(SolutionConfigurationPlatforms) = preSolution
		Debug|Any CPU = Debug|Any CPU
		Release|Any CPU = Release|Any CPU
	EndGlobalSection
	GlobalSection(ProjectConfigurationPlatforms) = postSolution
		{50AAF538-9D02-45A6-8690-061A71CC977B}.Debug|Any CPU.ActiveCfg = Debug|Any CPU
		{50AAF538-9D02-45A6-8690-061A71CC977B}.Debug|Any CPU.Build.0 = Debug|Any CPU
		{50AAF538-9D02-45A6-8690-061A71CC977B}.Release|Any CPU.ActiveCfg = Release|Any CPU
		{50AAF538-9D02-45A6-8690-061A71CC977B}.Release|Any CPU.Build.0 = Release|Any CPU
	EndGlobalSection
	GlobalSection(SolutionProperties) = preSolution
		HideSolutionNode = FALSE
	EndGlobalSection
	GlobalSection(NestedProjects) = preSolution
		{50AAF538-9D02-45A6-8690-061A71CC977B} = {B39293D0-3B9C-4318-9B01-27D485AFC916}
	EndGlobalSection
	GlobalSection(ExtensibilityGlobals) = postSolution
		SolutionGuid = {7131E913-0B1D-4D62-8F14-FD0AC7BE49E1}
	EndGlobalSection
EndGlobal
